
Microsoft Visual Studio Solution File, Format Version 12.00
# Visual Studio Version 16
VisualStudioVersion = 16.0.30523.141
MinimumVisualStudioVersion = 10.0.40219.1
Project("{2150E333-8FDC-42A3-9474-1A3956D46DE8}") = "Solution Items", "Solution Items", "{9EDC2DA7-DD5F-4D6D-A058-C25CAC8A3964}"
	ProjectSection(SolutionItems) = preProject
		azuredeploy.json = azuredeploy.json
		config.json = config.json
		init-sandbox.sh = init-sandbox.sh
		README.md = README.md
	EndProjectSection
EndProject
Project("{2150E333-8FDC-42A3-9474-1A3956D46DE8}") = "Demos", "Demos", "{2713117F-BE19-4DE0-B82B-6A429DE1F900}"
EndProject
Project("{9A19103F-16F7-4668-BE54-9A1E7A4F7556}") = "CosmicWorks.Models", "src\models\CosmicWorks.Models.csproj", "{9BB43FD0-7241-49FC-9D46-F29077543212}"
EndProject
Project("{9A19103F-16F7-4668-BE54-9A1E7A4F7556}") = "CosmicWorks.Demos.Modeling", "demos\modeling\CosmicWorks.Demos.Modeling.csproj", "{7E24DFA5-932D-4092-96AA-E4C56E59FA27}"
EndProject
Project("{9A19103F-16F7-4668-BE54-9A1E7A4F7556}") = "CosmicWorks.Demos.ChangeFeedCategories", "demos\change-feed-categories\CosmicWorks.Demos.ChangeFeedCategories.csproj", "{DAE1DE27-D7FD-4D45-8D8E-6F60D1C90240}"
EndProject
Project("{9A19103F-16F7-4668-BE54-9A1E7A4F7556}") = "CosmicWorks.Tool", "src\tool\CosmicWorks.Tool.csproj", "{C8582DCA-0E76-4A58-86D8-64758A3314FD}"
EndProject
Global
	GlobalSection(SolutionConfigurationPlatforms) = preSolution
		Debug|Any CPU = Debug|Any CPU
		Release|Any CPU = Release|Any CPU
	EndGlobalSection
	GlobalSection(ProjectConfigurationPlatforms) = postSolution
		{9BB43FD0-7241-49FC-9D46-F29077543212}.Debug|Any CPU.ActiveCfg = Debug|Any CPU
		{9BB43FD0-7241-49FC-9D46-F29077543212}.Debug|Any CPU.Build.0 = Debug|Any CPU
		{9BB43FD0-7241-49FC-9D46-F29077543212}.Release|Any CPU.ActiveCfg = Release|Any CPU
		{9BB43FD0-7241-49FC-9D46-F29077543212}.Release|Any CPU.Build.0 = Release|Any CPU
		{7E24DFA5-932D-4092-96AA-E4C56E59FA27}.Debug|Any CPU.ActiveCfg = Debug|Any CPU
		{7E24DFA5-932D-4092-96AA-E4C56E59FA27}.Debug|Any CPU.Build.0 = Debug|Any CPU
		{7E24DFA5-932D-4092-96AA-E4C56E59FA27}.Release|Any CPU.ActiveCfg = Release|Any CPU
		{7E24DFA5-932D-4092-96AA-E4C56E59FA27}.Release|Any CPU.Build.0 = Release|Any CPU
		{DAE1DE27-D7FD-4D45-8D8E-6F60D1C90240}.Debug|Any CPU.ActiveCfg = Debug|Any CPU
		{DAE1DE27-D7FD-4D45-8D8E-6F60D1C90240}.Debug|Any CPU.Build.0 = Debug|Any CPU
		{DAE1DE27-D7FD-4D45-8D8E-6F60D1C90240}.Release|Any CPU.ActiveCfg = Release|Any CPU
		{DAE1DE27-D7FD-4D45-8D8E-6F60D1C90240}.Release|Any CPU.Build.0 = Release|Any CPU
		{C8582DCA-0E76-4A58-86D8-64758A3314FD}.Debug|Any CPU.ActiveCfg = Debug|Any CPU
		{C8582DCA-0E76-4A58-86D8-64758A3314FD}.Debug|Any CPU.Build.0 = Debug|Any CPU
		{C8582DCA-0E76-4A58-86D8-64758A3314FD}.Release|Any CPU.ActiveCfg = Release|Any CPU
		{C8582DCA-0E76-4A58-86D8-64758A3314FD}.Release|Any CPU.Build.0 = Release|Any CPU
	EndGlobalSection
	GlobalSection(SolutionProperties) = preSolution
		HideSolutionNode = FALSE
	EndGlobalSection
	GlobalSection(NestedProjects) = preSolution
		{7E24DFA5-932D-4092-96AA-E4C56E59FA27} = {2713117F-BE19-4DE0-B82B-6A429DE1F900}
		{DAE1DE27-D7FD-4D45-8D8E-6F60D1C90240} = {2713117F-BE19-4DE0-B82B-6A429DE1F900}
	EndGlobalSection
	GlobalSection(ExtensibilityGlobals) = postSolution
		SolutionGuid = {48A2E007-4CC2-4AA3-88AE-194625C328F9}
	EndGlobalSection
EndGlobal
